{
  "version": 1,
  "dependencies": {
    ".NETStandard,Version=v2.1": {
      "Tomlyn": {
        "type": "Direct",
        "requested": "[0.15.0, )",
        "resolved": "0.15.0",
        "contentHash": "WyEYqnQ7iN2m6N9cZjhAFqSa6Mz+M04AgUfDxXabTh+dToDPNKqh2r8V7oZLoRAIk3f0YEia08R9eYcrW1Txxg=="
      }
    }
  }
}